
Microsoft Visual Studio Solution File, Format Version 12.00
# Visual Studio Version 17
VisualStudioVersion = 17.2.32602.215
MinimumVisualStudioVersion = 10.0.40219.1
Project("{2150E333-8FDC-42A3-9474-1A3956D46DE8}") = "000. REPOSITORY CONFIGURATION.", "000. REPOSITORY CONFIGURATION.", "{3D1C85F6-71FC-4BE4-831C-512BBEFA24FF}"
	ProjectSection(SolutionItems) = preProject
		..\.editorconfig = ..\.editorconfig
		..\.gitignore = ..\.gitignore
		..\LICENSE = ..\LICENSE
	EndProjectSection
EndProject
Project("{2150E333-8FDC-42A3-9474-1A3956D46DE8}") = "800. NUGET PACKAGES.", "800. NUGET PACKAGES.", "{3CF19E2C-2FE2-41F6-8E6A-1090442DAC4C}"
EndProject
Project("{9A19103F-16F7-4668-BE54-9A1E7A4F7556}") = "Restify.Modules", "Restify.Modules\Restify.Modules.csproj", "{CC54611C-7796-4F44-8151-DD10FB7BF11C}"
EndProject
Project("{2150E333-8FDC-42A3-9474-1A3956D46DE8}") = "800. SOURCE.", "800. SOURCE.", "{9C145669-01AD-461D-92C9-172D8ACEC70A}"
EndProject
Project("{2150E333-8FDC-42A3-9474-1A3956D46DE8}") = "300. RESTIFY MODULES.", "300. RESTIFY MODULES.", "{D4355929-8FFC-41B8-92DB-3AF4F9F37774}"
EndProject
Project("{9A19103F-16F7-4668-BE54-9A1E7A4F7556}") = "Restify.Modules.Middleware.Abstractions", "Restify.Modules.Middleware.Abstractions\Restify.Modules.Middleware.Abstractions.csproj", "{D5E26806-E97F-488D-8094-1366B49478D2}"
EndProject
Project("{9A19103F-16F7-4668-BE54-9A1E7A4F7556}") = "Restify.Modules.Routing.Abstractions", "Restify.Modules.Routing.Abstractions\Restify.Modules.Routing.Abstractions.csproj", "{4F3A198B-35DD-48BD-9E3B-E662E1A56629}"
EndProject
Project("{9A19103F-16F7-4668-BE54-9A1E7A4F7556}") = "Restify.Modules.Services.Abstractions", "Restify.Modules.Services.Abstractions\Restify.Modules.Services.Abstractions.csproj", "{40523D67-B729-4A36-9EF0-029F65DD3A9B}"
EndProject
Project("{2150E333-8FDC-42A3-9474-1A3956D46DE8}") = "100. RESTIFY CORE.", "100. RESTIFY CORE.", "{75B20F49-8F4C-4CA8-A1B0-C227D979399D}"
EndProject
Project("{9A19103F-16F7-4668-BE54-9A1E7A4F7556}") = "Restify.Core.Application.Abstractions", "Restify.Core.Application.Abstractions\Restify.Core.Application.Abstractions.csproj", "{343192B0-60A7-432C-BA96-2F7CFAB5D694}"
EndProject
Project("{2150E333-8FDC-42A3-9474-1A3956D46DE8}") = "200. RESTIFY CONFIGURATION.", "200. RESTIFY CONFIGURATION.", "{F5B956AC-9B75-4916-959A-835EDD6703BD}"
EndProject
Project("{9A19103F-16F7-4668-BE54-9A1E7A4F7556}") = "Restify.Configuration.Providers.Azure", "Restify.Configuration.Providers.Azure\Restify.Configuration.Providers.Azure.csproj", "{FA1164E6-9A4D-4E17-BD3E-72D00C204892}"
EndProject
Project("{2150E333-8FDC-42A3-9474-1A3956D46DE8}") = "800. SOURCE.", "800. SOURCE.", "{FE49CEAE-DDF0-4457-98D9-ADBBA127BBAE}"
EndProject
Project("{2150E333-8FDC-42A3-9474-1A3956D46DE8}") = "800. SOURCE.", "800. SOURCE.", "{819830AD-7C56-47F7-BD32-A85196F50F95}"
EndProject
Project("{2150E333-8FDC-42A3-9474-1A3956D46DE8}") = "100. ABSTRACTIONS.", "100. ABSTRACTIONS.", "{02EEBA44-6109-4A86-8381-0C670764345A}"
EndProject
Project("{2150E333-8FDC-42A3-9474-1A3956D46DE8}") = "100. GITHUB ACTIONS.", "100. GITHUB ACTIONS.", "{6910D236-70FD-4BB5-91C3-90B7595055E2}"
	ProjectSection(SolutionItems) = preProject
		..\.github\workflows\analyze.yml = ..\.github\workflows\analyze.yml
		..\.github\workflows\build.yml = ..\.github\workflows\build.yml
		..\.github\workflows\package.yml = ..\.github\workflows\package.yml
	EndProjectSection
EndProject
Global
	GlobalSection(SolutionConfigurationPlatforms) = preSolution
		Debug|Any CPU = Debug|Any CPU
		Release|Any CPU = Release|Any CPU
	EndGlobalSection
	GlobalSection(ProjectConfigurationPlatforms) = postSolution
		{CC54611C-7796-4F44-8151-DD10FB7BF11C}.Debug|Any CPU.ActiveCfg = Debug|Any CPU
		{CC54611C-7796-4F44-8151-DD10FB7BF11C}.Debug|Any CPU.Build.0 = Debug|Any CPU
		{CC54611C-7796-4F44-8151-DD10FB7BF11C}.Release|Any CPU.ActiveCfg = Release|Any CPU
		{CC54611C-7796-4F44-8151-DD10FB7BF11C}.Release|Any CPU.Build.0 = Release|Any CPU
		{D5E26806-E97F-488D-8094-1366B49478D2}.Debug|Any CPU.ActiveCfg = Debug|Any CPU
		{D5E26806-E97F-488D-8094-1366B49478D2}.Debug|Any CPU.Build.0 = Debug|Any CPU
		{D5E26806-E97F-488D-8094-1366B49478D2}.Release|Any CPU.ActiveCfg = Release|Any CPU
		{D5E26806-E97F-488D-8094-1366B49478D2}.Release|Any CPU.Build.0 = Release|Any CPU
		{4F3A198B-35DD-48BD-9E3B-E662E1A56629}.Debug|Any CPU.ActiveCfg = Debug|Any CPU
		{4F3A198B-35DD-48BD-9E3B-E662E1A56629}.Debug|Any CPU.Build.0 = Debug|Any CPU
		{4F3A198B-35DD-48BD-9E3B-E662E1A56629}.Release|Any CPU.ActiveCfg = Release|Any CPU
		{4F3A198B-35DD-48BD-9E3B-E662E1A56629}.Release|Any CPU.Build.0 = Release|Any CPU
		{40523D67-B729-4A36-9EF0-029F65DD3A9B}.Debug|Any CPU.ActiveCfg = Debug|Any CPU
		{40523D67-B729-4A36-9EF0-029F65DD3A9B}.Debug|Any CPU.Build.0 = Debug|Any CPU
		{40523D67-B729-4A36-9EF0-029F65DD3A9B}.Release|Any CPU.ActiveCfg = Release|Any CPU
		{40523D67-B729-4A36-9EF0-029F65DD3A9B}.Release|Any CPU.Build.0 = Release|Any CPU
		{343192B0-60A7-432C-BA96-2F7CFAB5D694}.Debug|Any CPU.ActiveCfg = Debug|Any CPU
		{343192B0-60A7-432C-BA96-2F7CFAB5D694}.Debug|Any CPU.Build.0 = Debug|Any CPU
		{343192B0-60A7-432C-BA96-2F7CFAB5D694}.Release|Any CPU.ActiveCfg = Release|Any CPU
		{343192B0-60A7-432C-BA96-2F7CFAB5D694}.Release|Any CPU.Build.0 = Release|Any CPU
		{FA1164E6-9A4D-4E17-BD3E-72D00C204892}.Debug|Any CPU.ActiveCfg = Debug|Any CPU
		{FA1164E6-9A4D-4E17-BD3E-72D00C204892}.Debug|Any CPU.Build.0 = Debug|Any CPU
		{FA1164E6-9A4D-4E17-BD3E-72D00C204892}.Release|Any CPU.ActiveCfg = Release|Any CPU
		{FA1164E6-9A4D-4E17-BD3E-72D00C204892}.Release|Any CPU.Build.0 = Release|Any CPU
	EndGlobalSection
	GlobalSection(SolutionProperties) = preSolution
		HideSolutionNode = FALSE
	EndGlobalSection
	GlobalSection(NestedProjects) = preSolution
		{CC54611C-7796-4F44-8151-DD10FB7BF11C} = {9C145669-01AD-461D-92C9-172D8ACEC70A}
		{9C145669-01AD-461D-92C9-172D8ACEC70A} = {D4355929-8FFC-41B8-92DB-3AF4F9F37774}
		{D4355929-8FFC-41B8-92DB-3AF4F9F37774} = {3CF19E2C-2FE2-41F6-8E6A-1090442DAC4C}
		{D5E26806-E97F-488D-8094-1366B49478D2} = {02EEBA44-6109-4A86-8381-0C670764345A}
		{4F3A198B-35DD-48BD-9E3B-E662E1A56629} = {02EEBA44-6109-4A86-8381-0C670764345A}
		{40523D67-B729-4A36-9EF0-029F65DD3A9B} = {02EEBA44-6109-4A86-8381-0C670764345A}
		{75B20F49-8F4C-4CA8-A1B0-C227D979399D} = {3CF19E2C-2FE2-41F6-8E6A-1090442DAC4C}
		{343192B0-60A7-432C-BA96-2F7CFAB5D694} = {819830AD-7C56-47F7-BD32-A85196F50F95}
		{F5B956AC-9B75-4916-959A-835EDD6703BD} = {3CF19E2C-2FE2-41F6-8E6A-1090442DAC4C}
		{FA1164E6-9A4D-4E17-BD3E-72D00C204892} = {FE49CEAE-DDF0-4457-98D9-ADBBA127BBAE}
		{FE49CEAE-DDF0-4457-98D9-ADBBA127BBAE} = {F5B956AC-9B75-4916-959A-835EDD6703BD}
		{819830AD-7C56-47F7-BD32-A85196F50F95} = {75B20F49-8F4C-4CA8-A1B0-C227D979399D}
		{02EEBA44-6109-4A86-8381-0C670764345A} = {9C145669-01AD-461D-92C9-172D8ACEC70A}
	EndGlobalSection
	GlobalSection(ExtensibilityGlobals) = postSolution
		SolutionGuid = {CBC8593E-B7A9-4348-86DF-AD18F50E9ADC}
	EndGlobalSection
EndGlobal
