
Microsoft Visual Studio Solution File, Format Version 12.00
# Visual Studio Version 17
VisualStudioVersion = 17.2.32602.215
MinimumVisualStudioVersion = 10.0.40219.1
Project("{2150E333-8FDC-42A3-9474-1A3956D46DE8}") = "000. REPOSITORY CONFIGURATION.", "000. REPOSITORY CONFIGURATION.", "{3D1C85F6-71FC-4BE4-831C-512BBEFA24FF}"
	ProjectSection(SolutionItems) = preProject
		..\.editorconfig = ..\.editorconfig
		..\.gitignore = ..\.gitignore
		..\LICENSE = ..\LICENSE
	EndProjectSection
EndProject
Global
	GlobalSection(SolutionProperties) = preSolution
		HideSolutionNode = FALSE
	EndGlobalSection
	GlobalSection(ExtensibilityGlobals) = postSolution
		SolutionGuid = {CBC8593E-B7A9-4348-86DF-AD18F50E9ADC}
	EndGlobalSection
EndGlobal
